
Microsoft Visual Studio Solution File, Format Version 9.00
# Visual Studio 2005
Project("{8BC9CEB8-8B4A-11D0-8D11-00A0C91BC942}") = "laug_th", "laug_th.vcproj", "{496CEECA-DCE5-4217-9567-DF5758CFDAA8}"
EndProject
Global
	GlobalSection(SolutionConfigurationPlatforms) = preSolution
		Debug|Win32 = Debug|Win32
		luaDebug_Archive|Win32 = luaDebug_Archive|Win32
		luaDebug|Win32 = luaDebug|Win32
		Release_Archive|Win32 = Release_Archive|Win32
		Release|Win32 = Release|Win32
	EndGlobalSection
	GlobalSection(ProjectConfigurationPlatforms) = postSolution
		{496CEECA-DCE5-4217-9567-DF5758CFDAA8}.Debug|Win32.ActiveCfg = Debug|Win32
		{496CEECA-DCE5-4217-9567-DF5758CFDAA8}.Debug|Win32.Build.0 = Debug|Win32
		{496CEECA-DCE5-4217-9567-DF5758CFDAA8}.luaDebug_Archive|Win32.ActiveCfg = luaDebug_Archive|Win32
		{496CEECA-DCE5-4217-9567-DF5758CFDAA8}.luaDebug_Archive|Win32.Build.0 = luaDebug_Archive|Win32
		{496CEECA-DCE5-4217-9567-DF5758CFDAA8}.luaDebug|Win32.ActiveCfg = luaDebug|Win32
		{496CEECA-DCE5-4217-9567-DF5758CFDAA8}.luaDebug|Win32.Build.0 = luaDebug|Win32
		{496CEECA-DCE5-4217-9567-DF5758CFDAA8}.Release_Archive|Win32.ActiveCfg = Release_Archive|Win32
		{496CEECA-DCE5-4217-9567-DF5758CFDAA8}.Release_Archive|Win32.Build.0 = Release_Archive|Win32
		{496CEECA-DCE5-4217-9567-DF5758CFDAA8}.Release|Win32.ActiveCfg = Release|Win32
		{496CEECA-DCE5-4217-9567-DF5758CFDAA8}.Release|Win32.Build.0 = Release|Win32
	EndGlobalSection
	GlobalSection(SolutionProperties) = preSolution
		HideSolutionNode = FALSE
	EndGlobalSection
EndGlobal
